
Microsoft Visual Studio Solution File, Format Version 12.00
# Visual Studio Version 17
VisualStudioVersion = 17.9.34714.143
MinimumVisualStudioVersion = 10.0.40219.1
Project("{FAE04EC0-301F-11D3-BF4B-00C04F79EFBC}") = "TestProjectConsole", "TestProjectConsole\TestProjectConsole.csproj", "{B377B90C-3B86-4EAA-87B8-7AB700217FAC}"
EndProject
Global
	GlobalSection(SolutionConfigurationPlatforms) = preSolution
		Debug|Any CPU = Debug|Any CPU
		Release|Any CPU = Release|Any CPU
	EndGlobalSection
	GlobalSection(ProjectConfigurationPlatforms) = postSolution
		{B377B90C-3B86-4EAA-87B8-7AB700217FAC}.Debug|Any CPU.ActiveCfg = Debug|Any CPU
		{B377B90C-3B86-4EAA-87B8-7AB700217FAC}.Debug|Any CPU.Build.0 = Debug|Any CPU
		{B377B90C-3B86-4EAA-87B8-7AB700217FAC}.Release|Any CPU.ActiveCfg = Release|Any CPU
		{B377B90C-3B86-4EAA-87B8-7AB700217FAC}.Release|Any CPU.Build.0 = Release|Any CPU
	EndGlobalSection
	GlobalSection(SolutionProperties) = preSolution
		HideSolutionNode = FALSE
	EndGlobalSection
	GlobalSection(ExtensibilityGlobals) = postSolution
		SolutionGuid = {A987C3D7-3548-41A7-BBA0-0D97DD473739}
	EndGlobalSection
EndGlobal
